# THIS IS AN AUTOGENERATED FILE. DO NOT EDIT THIS FILE DIRECTLY.
# yarn lockfile v1


node-fetch@^2.6.1:
  version "2.6.1"
  resolved "https://registry.yarnpkg.com/node-fetch/-/node-fetch-2.6.1.tgz#045bd323631f76ed2e2b55573394416b639a0052"
  integrity sha512-V4aYg89jEoVRxRb2fJdAg8FHvI7cEyYdVAh94HH0UIK8oJxUfkjlDQN9RbMx+bEjP7+ggMiFRprSti032Oipxw==

tmi.js@^1.8.3:
  version "1.8.4"
  resolved "https://registry.yarnpkg.com/tmi.js/-/tmi.js-1.8.4.tgz#f487f306c8d9b7428826f4e1e41c2e9b8087867d"
  integrity sha512-mMVIVSElRDLu0b+rYIsNWs2/3DwcwaW/2tBS+IwUUnKKJuf/KPvgfDVfKeb/EiNOS6KIaMpWotbnITHssbZiKg==
  dependencies:
    node-fetch "^2.6.1"
    ws "^8.0.0"

ws@^8.0.0:
  version "8.1.0"
  resolved "https://registry.yarnpkg.com/ws/-/ws-8.1.0.tgz#75e5ec608f66d3d3934ec6dbc4ebc8a34a68638c"
  integrity sha512-0UWlCD2s3RSclw8FN+D0zDTUyMO+1kHwJQQJzkgUh16S8d3NYON0AKCEQPffE0ez4JyRFu76QDA9KR5bOG/7jw==
